Microsoft Visual Studio Solution File, Format Version 12.00
# Visual Studio Version 17
VisualStudioVersion = 17.5.2.0
MinimumVisualStudioVersion = 10.0.40219.1
Project("{FAE04EC0-301F-11D3-BF4B-00C04F79EFBC}") = "WildlifeDataCleaner", "WildlifeDataCleaner.csproj", "{35428797-09F7-F1F6-826E-5C73754B258A}"
EndProject
Global
	GlobalSection(SolutionConfigurationPlatforms) = preSolution
		Debug|Any CPU = Debug|Any CPU
		Release|Any CPU = Release|Any CPU
	EndGlobalSection
	GlobalSection(ProjectConfigurationPlatforms) = postSolution
		{35428797-09F7-F1F6-826E-5C73754B258A}.Debug|Any CPU.ActiveCfg = Debug|Any CPU
		{35428797-09F7-F1F6-826E-5C73754B258A}.Debug|Any CPU.Build.0 = Debug|Any CPU
		{35428797-09F7-F1F6-826E-5C73754B258A}.Release|Any CPU.ActiveCfg = Release|Any CPU
		{35428797-09F7-F1F6-826E-5C73754B258A}.Release|Any CPU.Build.0 = Release|Any CPU
	EndGlobalSection
	GlobalSection(SolutionProperties) = preSolution
		HideSolutionNode = FALSE
	EndGlobalSection
	GlobalSection(ExtensibilityGlobals) = postSolution
		SolutionGuid = {354201A2-2492-4BB6-B519-0433A6C5BBBE}
	EndGlobalSection
EndGlobal
